
Microsoft Visual Studio Solution File, Format Version 12.00
# Visual Studio Version 17
VisualStudioVersion = 17.8.34511.84
MinimumVisualStudioVersion = 10.0.40219.1
Project("{FAE04EC0-301F-11D3-BF4B-00C04F79EFBC}") = "Poe", "Poe\Poe.csproj", "{31EA374B-6AE6-49FC-BBD2-5E5B56863467}"
EndProject
Global
	GlobalSection(SolutionConfigurationPlatforms) = preSolution
		Debug|Any CPU = Debug|Any CPU
		Release|Any CPU = Release|Any CPU
	EndGlobalSection
	GlobalSection(ProjectConfigurationPlatforms) = postSolution
		{31EA374B-6AE6-49FC-BBD2-5E5B56863467}.Debug|Any CPU.ActiveCfg = Debug|Any CPU
		{31EA374B-6AE6-49FC-BBD2-5E5B56863467}.Debug|Any CPU.Build.0 = Debug|Any CPU
		{31EA374B-6AE6-49FC-BBD2-5E5B56863467}.Release|Any CPU.ActiveCfg = Release|Any CPU
		{31EA374B-6AE6-49FC-BBD2-5E5B56863467}.Release|Any CPU.Build.0 = Release|Any CPU
	EndGlobalSection
	GlobalSection(SolutionProperties) = preSolution
		HideSolutionNode = FALSE
	EndGlobalSection
	GlobalSection(ExtensibilityGlobals) = postSolution
		SolutionGuid = {A350BBF2-2054-41A1-AF66-C9090EB7B03F}
	EndGlobalSection
EndGlobal
